
Microsoft Visual Studio Solution File, Format Version 12.00
# Visual Studio Version 17
VisualStudioVersion = 17.7.34024.191
MinimumVisualStudioVersion = 10.0.40219.1
Project("{FAE04EC0-301F-11D3-BF4B-00C04F79EFBC}") = "Ejercicio11", "Ejercicio11\Ejercicio11.csproj", "{817A3F7F-F4FA-4C57-B56B-273B77AFA1B0}"
EndProject
Global
	GlobalSection(SolutionConfigurationPlatforms) = preSolution
		Debug|Any CPU = Debug|Any CPU
		Release|Any CPU = Release|Any CPU
	EndGlobalSection
	GlobalSection(ProjectConfigurationPlatforms) = postSolution
		{817A3F7F-F4FA-4C57-B56B-273B77AFA1B0}.Debug|Any CPU.ActiveCfg = Debug|Any CPU
		{817A3F7F-F4FA-4C57-B56B-273B77AFA1B0}.Debug|Any CPU.Build.0 = Debug|Any CPU
		{817A3F7F-F4FA-4C57-B56B-273B77AFA1B0}.Release|Any CPU.ActiveCfg = Release|Any CPU
		{817A3F7F-F4FA-4C57-B56B-273B77AFA1B0}.Release|Any CPU.Build.0 = Release|Any CPU
	EndGlobalSection
	GlobalSection(SolutionProperties) = preSolution
		HideSolutionNode = FALSE
	EndGlobalSection
	GlobalSection(ExtensibilityGlobals) = postSolution
		SolutionGuid = {2C8515E9-6FA5-43FF-922F-C592C4E5AB5C}
	EndGlobalSection
EndGlobal
